
Microsoft Visual Studio Solution File, Format Version 12.00
# Visual Studio 14
VisualStudioVersion = 14.0.25420.1
MinimumVisualStudioVersion = 10.0.40219.1
Project("{FAE04EC0-301F-11D3-BF4B-00C04F79EFBC}") = "IConfessX", "IConfessX\IConfessX\IConfessX.csproj", "{CB265CE7-723C-4122-A75E-4867505C3BD2}"
EndProject
Project("{FAE04EC0-301F-11D3-BF4B-00C04F79EFBC}") = "IConfessX.Droid", "IConfessX\IConfessX.Droid\IConfessX.Droid.csproj", "{8A418502-BE3C-49E6-8C19-7F623B1F9854}"
EndProject
Project("{FAE04EC0-301F-11D3-BF4B-00C04F79EFBC}") = "IConfessX.iOS", "IConfessX\IConfessX.iOS\IConfessX.iOS.csproj", "{851F1B9B-E781-41A3-B001-AA23E3D72F85}"
EndProject
Project("{FAE04EC0-301F-11D3-BF4B-00C04F79EFBC}") = "IConfessX.WinPhone", "IConfessX\IConfessX.WinPhone\IConfessX.WinPhone.csproj", "{30A2B78C-1740-4BC8-BE72-568B73EEE0DB}"
EndProject
Project("{FAE04EC0-301F-11D3-BF4B-00C04F79EFBC}") = "IConfessX.UWP", "IConfessX\IConfessX.UWP\IConfessX.UWP.csproj", "{9F67A113-8E41-4ECD-9E43-89FFB2724DCE}"
EndProject
Project("{FAE04EC0-301F-11D3-BF4B-00C04F79EFBC}") = "IConfessX.Windows", "IConfessX\IConfessX.Windows\IConfessX.Windows.csproj", "{190A5FC2-7C1B-43D3-839E-0F307259E603}"
EndProject
Global
	GlobalSection(SolutionConfigurationPlatforms) = preSolution
		Ad-Hoc|Any CPU = Ad-Hoc|Any CPU
		Ad-Hoc|ARM = Ad-Hoc|ARM
		Ad-Hoc|iPhone = Ad-Hoc|iPhone
		Ad-Hoc|iPhoneSimulator = Ad-Hoc|iPhoneSimulator
		Ad-Hoc|x64 = Ad-Hoc|x64
		Ad-Hoc|x86 = Ad-Hoc|x86
		AppStore|Any CPU = AppStore|Any CPU
		AppStore|ARM = AppStore|ARM
		AppStore|iPhone = AppStore|iPhone
		AppStore|iPhoneSimulator = AppStore|iPhoneSimulator
		AppStore|x64 = AppStore|x64
		AppStore|x86 = AppStore|x86
		Debug|Any CPU = Debug|Any CPU
		Debug|ARM = Debug|ARM
		Debug|iPhone = Debug|iPhone
		Debug|iPhoneSimulator = Debug|iPhoneSimulator
		Debug|x64 = Debug|x64
		Debug|x86 = Debug|x86
		Release|Any CPU = Release|Any CPU
		Release|ARM = Release|ARM
		Release|iPhone = Release|iPhone
		Release|iPhoneSimulator = Release|iPhoneSimulator
		Release|x64 = Release|x64
		Release|x86 = Release|x86
	EndGlobalSection
	GlobalSection(ProjectConfigurationPlatforms) = postSolution
		{CB265CE7-723C-4122-A75E-4867505C3BD2}.Ad-Hoc|Any CPU.ActiveCfg = Release|Any CPU
		{CB265CE7-723C-4122-A75E-4867505C3BD2}.Ad-Hoc|Any CPU.Build.0 = Release|Any CPU
		{CB265CE7-723C-4122-A75E-4867505C3BD2}.Ad-Hoc|ARM.ActiveCfg = Release|Any CPU
		{CB265CE7-723C-4122-A75E-4867505C3BD2}.Ad-Hoc|ARM.Build.0 = Release|Any CPU
		{CB265CE7-723C-4122-A75E-4867505C3BD2}.Ad-Hoc|iPhone.ActiveCfg = Release|Any CPU
		{CB265CE7-723C-4122-A75E-4867505C3BD2}.Ad-Hoc|iPhone.Build.0 = Release|Any CPU
		{CB265CE7-723C-4122-A75E-4867505C3BD2}.Ad-Hoc|iPhoneSimulator.ActiveCfg = Release|Any CPU
		{CB265CE7-723C-4122-A75E-4867505C3BD2}.Ad-Hoc|iPhoneSimulator.Build.0 = Release|Any CPU
		{CB265CE7-723C-4122-A75E-4867505C3BD2}.Ad-Hoc|x64.ActiveCfg = Release|Any CPU
		{CB265CE7-723C-4122-A75E-4867505C3BD2}.Ad-Hoc|x64.Build.0 = Release|Any CPU
		{CB265CE7-723C-4122-A75E-4867505C3BD2}.Ad-Hoc|x86.ActiveCfg = Release|Any CPU
		{CB265CE7-723C-4122-A75E-4867505C3BD2}.Ad-Hoc|x86.Build.0 = Release|Any CPU
		{CB265CE7-723C-4122-A75E-4867505C3BD2}.AppStore|Any CPU.ActiveCfg = Release|Any CPU
		{CB265CE7-723C-4122-A75E-4867505C3BD2}.AppStore|Any CPU.Build.0 = Release|Any CPU
		{CB265CE7-723C-4122-A75E-4867505C3BD2}.AppStore|ARM.ActiveCfg = Release|Any CPU
		{CB265CE7-723C-4122-A75E-4867505C3BD2}.AppStore|ARM.Build.0 = Release|Any CPU
		{CB265CE7-723C-4122-A75E-4867505C3BD2}.AppStore|iPhone.ActiveCfg = Release|Any CPU
		{CB265CE7-723C-4122-A75E-4867505C3BD2}.AppStore|iPhone.Build.0 = Release|Any CPU
		{CB265CE7-723C-4122-A75E-4867505C3BD2}.AppStore|iPhoneSimulator.ActiveCfg = Release|Any CPU
		{CB265CE7-723C-4122-A75E-4867505C3BD2}.AppStore|iPhoneSimulator.Build.0 = Release|Any CPU
		{CB265CE7-723C-4122-A75E-4867505C3BD2}.AppStore|x64.ActiveCfg = Release|Any CPU
		{CB265CE7-723C-4122-A75E-4867505C3BD2}.AppStore|x64.Build.0 = Release|Any CPU
		{CB265CE7-723C-4122-A75E-4867505C3BD2}.AppStore|x86.ActiveCfg = Release|Any CPU
		{CB265CE7-723C-4122-A75E-4867505C3BD2}.AppStore|x86.Build.0 = Release|Any CPU
		{CB265CE7-723C-4122-A75E-4867505C3BD2}.Debug|Any CPU.ActiveCfg = Debug|Any CPU
		{CB265CE7-723C-4122-A75E-4867505C3BD2}.Debug|Any CPU.Build.0 = Debug|Any CPU
		{CB265CE7-723C-4122-A75E-4867505C3BD2}.Debug|ARM.ActiveCfg = Debug|Any CPU
		{CB265CE7-723C-4122-A75E-4867505C3BD2}.Debug|ARM.Build.0 = Debug|Any CPU
		{CB265CE7-723C-4122-A75E-4867505C3BD2}.Debug|iPhone.ActiveCfg = Debug|Any CPU
		{CB265CE7-723C-4122-A75E-4867505C3BD2}.Debug|iPhone.Build.0 = Debug|Any CPU
		{CB265CE7-723C-4122-A75E-4867505C3BD2}.Debug|iPhoneSimulator.ActiveCfg = Debug|Any CPU
		{CB265CE7-723C-4122-A75E-4867505C3BD2}.Debug|iPhoneSimulator.Build.0 = Debug|Any CPU
		{CB265CE7-723C-4122-A75E-4867505C3BD2}.Debug|x64.ActiveCfg = Debug|Any CPU
		{CB265CE7-723C-4122-A75E-4867505C3BD2}.Debug|x64.Build.0 = Debug|Any CPU
		{CB265CE7-723C-4122-A75E-4867505C3BD2}.Debug|x86.ActiveCfg = Debug|Any CPU
		{CB265CE7-723C-4122-A75E-4867505C3BD2}.Debug|x86.Build.0 = Debug|Any CPU
		{CB265CE7-723C-4122-A75E-4867505C3BD2}.Release|Any CPU.ActiveCfg = Release|Any CPU
		{CB265CE7-723C-4122-A75E-4867505C3BD2}.Release|Any CPU.Build.0 = Release|Any CPU
		{CB265CE7-723C-4122-A75E-4867505C3BD2}.Release|ARM.ActiveCfg = Release|Any CPU
		{CB265CE7-723C-4122-A75E-4867505C3BD2}.Release|ARM.Build.0 = Release|Any CPU
		{CB265CE7-723C-4122-A75E-4867505C3BD2}.Release|iPhone.ActiveCfg = Release|Any CPU
		{CB265CE7-723C-4122-A75E-4867505C3BD2}.Release|iPhone.Build.0 = Release|Any CPU
		{CB265CE7-723C-4122-A75E-4867505C3BD2}.Release|iPhoneSimulator.ActiveCfg = Release|Any CPU
		{CB265CE7-723C-4122-A75E-4867505C3BD2}.Release|iPhoneSimulator.Build.0 = Release|Any CPU
		{CB265CE7-723C-4122-A75E-4867505C3BD2}.Release|x64.ActiveCfg = Release|Any CPU
		{CB265CE7-723C-4122-A75E-4867505C3BD2}.Release|x64.Build.0 = Release|Any CPU
		{CB265CE7-723C-4122-A75E-4867505C3BD2}.Release|x86.ActiveCfg = Release|Any CPU
		{CB265CE7-723C-4122-A75E-4867505C3BD2}.Release|x86.Build.0 = Release|Any CPU
		{8A418502-BE3C-49E6-8C19-7F623B1F9854}.Ad-Hoc|Any CPU.ActiveCfg = Release|Any CPU
		{8A418502-BE3C-49E6-8C19-7F623B1F9854}.Ad-Hoc|Any CPU.Build.0 = Release|Any CPU
		{8A418502-BE3C-49E6-8C19-7F623B1F9854}.Ad-Hoc|Any CPU.Deploy.0 = Release|Any CPU
		{8A418502-BE3C-49E6-8C19-7F623B1F9854}.Ad-Hoc|ARM.ActiveCfg = Release|Any CPU
		{8A418502-BE3C-49E6-8C19-7F623B1F9854}.Ad-Hoc|ARM.Build.0 = Release|Any CPU
		{8A418502-BE3C-49E6-8C19-7F623B1F9854}.Ad-Hoc|ARM.Deploy.0 = Release|Any CPU
		{8A418502-BE3C-49E6-8C19-7F623B1F9854}.Ad-Hoc|iPhone.ActiveCfg = Release|Any CPU
		{8A418502-BE3C-49E6-8C19-7F623B1F9854}.Ad-Hoc|iPhone.Build.0 = Release|Any CPU
		{8A418502-BE3C-49E6-8C19-7F623B1F9854}.Ad-Hoc|iPhone.Deploy.0 = Release|Any CPU
		{8A418502-BE3C-49E6-8C19-7F623B1F9854}.Ad-Hoc|iPhoneSimulator.ActiveCfg = Release|Any CPU
		{8A418502-BE3C-49E6-8C19-7F623B1F9854}.Ad-Hoc|iPhoneSimulator.Build.0 = Release|Any CPU
		{8A418502-BE3C-49E6-8C19-7F623B1F9854}.Ad-Hoc|iPhoneSimulator.Deploy.0 = Release|Any CPU
		{8A418502-BE3C-49E6-8C19-7F623B1F9854}.Ad-Hoc|x64.ActiveCfg = Release|Any CPU
		{8A418502-BE3C-49E6-8C19-7F623B1F9854}.Ad-Hoc|x64.Build.0 = Release|Any CPU
		{8A418502-BE3C-49E6-8C19-7F623B1F9854}.Ad-Hoc|x64.Deploy.0 = Release|Any CPU
		{8A418502-BE3C-49E6-8C19-7F623B1F9854}.Ad-Hoc|x86.ActiveCfg = Release|Any CPU
		{8A418502-BE3C-49E6-8C19-7F623B1F9854}.Ad-Hoc|x86.Build.0 = Release|Any CPU
		{8A418502-BE3C-49E6-8C19-7F623B1F9854}.Ad-Hoc|x86.Deploy.0 = Release|Any CPU
		{8A418502-BE3C-49E6-8C19-7F623B1F9854}.AppStore|Any CPU.ActiveCfg = Release|Any CPU
		{8A418502-BE3C-49E6-8C19-7F623B1F9854}.AppStore|Any CPU.Build.0 = Release|Any CPU
		{8A418502-BE3C-49E6-8C19-7F623B1F9854}.AppStore|Any CPU.Deploy.0 = Release|Any CPU
		{8A418502-BE3C-49E6-8C19-7F623B1F9854}.AppStore|ARM.ActiveCfg = Release|Any CPU
		{8A418502-BE3C-49E6-8C19-7F623B1F9854}.AppStore|ARM.Build.0 = Release|Any CPU
		{8A418502-BE3C-49E6-8C19-7F623B1F9854}.AppStore|ARM.Deploy.0 = Release|Any CPU
		{8A418502-BE3C-49E6-8C19-7F623B1F9854}.AppStore|iPhone.ActiveCfg = Release|Any CPU
		{8A418502-BE3C-49E6-8C19-7F623B1F9854}.AppStore|iPhone.Build.0 = Release|Any CPU
		{8A418502-BE3C-49E6-8C19-7F623B1F9854}.AppStore|iPhone.Deploy.0 = Release|Any CPU
		{8A418502-BE3C-49E6-8C19-7F623B1F9854}.AppStore|iPhoneSimulator.ActiveCfg = Release|Any CPU
		{8A418502-BE3C-49E6-8C19-7F623B1F9854}.AppStore|iPhoneSimulator.Build.0 = Release|Any CPU
		{8A418502-BE3C-49E6-8C19-7F623B1F9854}.AppStore|iPhoneSimulator.Deploy.0 = Release|Any CPU
		{8A418502-BE3C-49E6-8C19-7F623B1F9854}.AppStore|x64.ActiveCfg = Release|Any CPU
		{8A418502-BE3C-49E6-8C19-7F623B1F9854}.AppStore|x64.Build.0 = Release|Any CPU
		{8A418502-BE3C-49E6-8C19-7F623B1F9854}.AppStore|x64.Deploy.0 = Release|Any CPU
		{8A418502-BE3C-49E6-8C19-7F623B1F9854}.AppStore|x86.ActiveCfg = Release|Any CPU
		{8A418502-BE3C-49E6-8C19-7F623B1F9854}.AppStore|x86.Build.0 = Release|Any CPU
		{8A418502-BE3C-49E6-8C19-7F623B1F9854}.AppStore|x86.Deploy.0 = Release|Any CPU
		{8A418502-BE3C-49E6-8C19-7F623B1F9854}.Debug|Any CPU.ActiveCfg = Debug|Any CPU
		{8A418502-BE3C-49E6-8C19-7F623B1F9854}.Debug|Any CPU.Build.0 = Debug|Any CPU
		{8A418502-BE3C-49E6-8C19-7F623B1F9854}.Debug|Any CPU.Deploy.0 = Debug|Any CPU
		{8A418502-BE3C-49E6-8C19-7F623B1F9854}.Debug|ARM.ActiveCfg = Debug|Any CPU
		{8A418502-BE3C-49E6-8C19-7F623B1F9854}.Debug|ARM.Build.0 = Debug|Any CPU
		{8A418502-BE3C-49E6-8C19-7F623B1F9854}.Debug|ARM.Deploy.0 = Debug|Any CPU
		{8A418502-BE3C-49E6-8C19-7F623B1F9854}.Debug|iPhone.ActiveCfg = Debug|Any CPU
		{8A418502-BE3C-49E6-8C19-7F623B1F9854}.Debug|iPhone.Build.0 = Debug|Any CPU
		{8A418502-BE3C-49E6-8C19-7F623B1F9854}.Debug|iPhone.Deploy.0 = Debug|Any CPU
		{8A418502-BE3C-49E6-8C19-7F623B1F9854}.Debug|iPhoneSimulator.ActiveCfg = Debug|Any CPU
		{8A418502-BE3C-49E6-8C19-7F623B1F9854}.Debug|iPhoneSimulator.Build.0 = Debug|Any CPU
		{8A418502-BE3C-49E6-8C19-7F623B1F9854}.Debug|iPhoneSimulator.Deploy.0 = Debug|Any CPU
		{8A418502-BE3C-49E6-8C19-7F623B1F9854}.Debug|x64.ActiveCfg = Debug|Any CPU
		{8A418502-BE3C-49E6-8C19-7F623B1F9854}.Debug|x64.Build.0 = Debug|Any CPU
		{8A418502-BE3C-49E6-8C19-7F623B1F9854}.Debug|x64.Deploy.0 = Debug|Any CPU
		{8A418502-BE3C-49E6-8C19-7F623B1F9854}.Debug|x86.ActiveCfg = Debug|Any CPU
		{8A418502-BE3C-49E6-8C19-7F623B1F9854}.Debug|x86.Build.0 = Debug|Any CPU
		{8A418502-BE3C-49E6-8C19-7F623B1F9854}.Debug|x86.Deploy.0 = Debug|Any CPU
		{8A418502-BE3C-49E6-8C19-7F623B1F9854}.Release|Any CPU.ActiveCfg = Release|Any CPU
		{8A418502-BE3C-49E6-8C19-7F623B1F9854}.Release|Any CPU.Build.0 = Release|Any CPU
		{8A418502-BE3C-49E6-8C19-7F623B1F9854}.Release|Any CPU.Deploy.0 = Release|Any CPU
		{8A418502-BE3C-49E6-8C19-7F623B1F9854}.Release|ARM.ActiveCfg = Release|Any CPU
		{8A418502-BE3C-49E6-8C19-7F623B1F9854}.Release|ARM.Build.0 = Release|Any CPU
		{8A418502-BE3C-49E6-8C19-7F623B1F9854}.Release|ARM.Deploy.0 = Release|Any CPU
		{8A418502-BE3C-49E6-8C19-7F623B1F9854}.Release|iPhone.ActiveCfg = Release|Any CPU
		{8A418502-BE3C-49E6-8C19-7F623B1F9854}.Release|iPhone.Build.0 = Release|Any CPU
		{8A418502-BE3C-49E6-8C19-7F623B1F9854}.Release|iPhone.Deploy.0 = Release|Any CPU
		{8A418502-BE3C-49E6-8C19-7F623B1F9854}.Release|iPhoneSimulator.ActiveCfg = Release|Any CPU
		{8A418502-BE3C-49E6-8C19-7F623B1F9854}.Release|iPhoneSimulator.Build.0 = Release|Any CPU
		{8A418502-BE3C-49E6-8C19-7F623B1F9854}.Release|iPhoneSimulator.Deploy.0 = Release|Any CPU
		{8A418502-BE3C-49E6-8C19-7F623B1F9854}.Release|x64.ActiveCfg = Release|Any CPU
		{8A418502-BE3C-49E6-8C19-7F623B1F9854}.Release|x64.Build.0 = Release|Any CPU
		{8A418502-BE3C-49E6-8C19-7F623B1F9854}.Release|x64.Deploy.0 = Release|Any CPU
		{8A418502-BE3C-49E6-8C19-7F623B1F9854}.Release|x86.ActiveCfg = Release|Any CPU
		{8A418502-BE3C-49E6-8C19-7F623B1F9854}.Release|x86.Build.0 = Release|Any CPU
		{8A418502-BE3C-49E6-8C19-7F623B1F9854}.Release|x86.Deploy.0 = Release|Any CPU
		{851F1B9B-E781-41A3-B001-AA23E3D72F85}.Ad-Hoc|Any CPU.ActiveCfg = Ad-Hoc|iPhone
		{851F1B9B-E781-41A3-B001-AA23E3D72F85}.Ad-Hoc|ARM.ActiveCfg = Ad-Hoc|iPhone
		{851F1B9B-E781-41A3-B001-AA23E3D72F85}.Ad-Hoc|iPhone.ActiveCfg = Ad-Hoc|iPhone
		{851F1B9B-E781-41A3-B001-AA23E3D72F85}.Ad-Hoc|iPhone.Build.0 = Ad-Hoc|iPhone
		{851F1B9B-E781-41A3-B001-AA23E3D72F85}.Ad-Hoc|iPhoneSimulator.ActiveCfg = Ad-Hoc|iPhoneSimulator
		{851F1B9B-E781-41A3-B001-AA23E3D72F85}.Ad-Hoc|iPhoneSimulator.Build.0 = Ad-Hoc|iPhoneSimulator
		{851F1B9B-E781-41A3-B001-AA23E3D72F85}.Ad-Hoc|x64.ActiveCfg = Ad-Hoc|iPhone
		{851F1B9B-E781-41A3-B001-AA23E3D72F85}.Ad-Hoc|x86.ActiveCfg = Ad-Hoc|iPhone
		{851F1B9B-E781-41A3-B001-AA23E3D72F85}.AppStore|Any CPU.ActiveCfg = AppStore|iPhone
		{851F1B9B-E781-41A3-B001-AA23E3D72F85}.AppStore|ARM.ActiveCfg = AppStore|iPhone
		{851F1B9B-E781-41A3-B001-AA23E3D72F85}.AppStore|iPhone.ActiveCfg = AppStore|iPhone
		{851F1B9B-E781-41A3-B001-AA23E3D72F85}.AppStore|iPhone.Build.0 = AppStore|iPhone
		{851F1B9B-E781-41A3-B001-AA23E3D72F85}.AppStore|iPhoneSimulator.ActiveCfg = AppStore|iPhoneSimulator
		{851F1B9B-E781-41A3-B001-AA23E3D72F85}.AppStore|iPhoneSimulator.Build.0 = AppStore|iPhoneSimulator
		{851F1B9B-E781-41A3-B001-AA23E3D72F85}.AppStore|x64.ActiveCfg = AppStore|iPhone
		{851F1B9B-E781-41A3-B001-AA23E3D72F85}.AppStore|x86.ActiveCfg = AppStore|iPhone
		{851F1B9B-E781-41A3-B001-AA23E3D72F85}.Debug|Any CPU.ActiveCfg = Debug|iPhone
		{851F1B9B-E781-41A3-B001-AA23E3D72F85}.Debug|ARM.ActiveCfg = Debug|iPhone
		{851F1B9B-E781-41A3-B001-AA23E3D72F85}.Debug|iPhone.ActiveCfg = Debug|iPhone
		{851F1B9B-E781-41A3-B001-AA23E3D72F85}.Debug|iPhone.Build.0 = Debug|iPhone
		{851F1B9B-E781-41A3-B001-AA23E3D72F85}.Debug|iPhoneSimulator.ActiveCfg = Debug|iPhoneSimulator
		{851F1B9B-E781-41A3-B001-AA23E3D72F85}.Debug|iPhoneSimulator.Build.0 = Debug|iPhoneSimulator
		{851F1B9B-E781-41A3-B001-AA23E3D72F85}.Debug|x64.ActiveCfg = Debug|iPhone
		{851F1B9B-E781-41A3-B001-AA23E3D72F85}.Debug|x86.ActiveCfg = Debug|iPhone
		{851F1B9B-E781-41A3-B001-AA23E3D72F85}.Release|Any CPU.ActiveCfg = Release|iPhone
		{851F1B9B-E781-41A3-B001-AA23E3D72F85}.Release|ARM.ActiveCfg = Release|iPhone
		{851F1B9B-E781-41A3-B001-AA23E3D72F85}.Release|iPhone.ActiveCfg = Release|iPhone
		{851F1B9B-E781-41A3-B001-AA23E3D72F85}.Release|iPhone.Build.0 = Release|iPhone
		{851F1B9B-E781-41A3-B001-AA23E3D72F85}.Release|iPhoneSimulator.ActiveCfg = Release|iPhoneSimulator
		{851F1B9B-E781-41A3-B001-AA23E3D72F85}.Release|iPhoneSimulator.Build.0 = Release|iPhoneSimulator
		{851F1B9B-E781-41A3-B001-AA23E3D72F85}.Release|x64.ActiveCfg = Release|iPhone
		{851F1B9B-E781-41A3-B001-AA23E3D72F85}.Release|x86.ActiveCfg = Release|iPhone
		{30A2B78C-1740-4BC8-BE72-568B73EEE0DB}.Ad-Hoc|Any CPU.ActiveCfg = Release|Any CPU
		{30A2B78C-1740-4BC8-BE72-568B73EEE0DB}.Ad-Hoc|Any CPU.Build.0 = Release|Any CPU
		{30A2B78C-1740-4BC8-BE72-568B73EEE0DB}.Ad-Hoc|Any CPU.Deploy.0 = Release|Any CPU
		{30A2B78C-1740-4BC8-BE72-568B73EEE0DB}.Ad-Hoc|ARM.ActiveCfg = Release|ARM
		{30A2B78C-1740-4BC8-BE72-568B73EEE0DB}.Ad-Hoc|ARM.Build.0 = Release|ARM
		{30A2B78C-1740-4BC8-BE72-568B73EEE0DB}.Ad-Hoc|ARM.Deploy.0 = Release|ARM
		{30A2B78C-1740-4BC8-BE72-568B73EEE0DB}.Ad-Hoc|iPhone.ActiveCfg = Release|Any CPU
		{30A2B78C-1740-4BC8-BE72-568B73EEE0DB}.Ad-Hoc|iPhone.Build.0 = Release|Any CPU
		{30A2B78C-1740-4BC8-BE72-568B73EEE0DB}.Ad-Hoc|iPhone.Deploy.0 = Release|Any CPU
		{30A2B78C-1740-4BC8-BE72-568B73EEE0DB}.Ad-Hoc|iPhoneSimulator.ActiveCfg = Release|Any CPU
		{30A2B78C-1740-4BC8-BE72-568B73EEE0DB}.Ad-Hoc|iPhoneSimulator.Build.0 = Release|Any CPU
		{30A2B78C-1740-4BC8-BE72-568B73EEE0DB}.Ad-Hoc|iPhoneSimulator.Deploy.0 = Release|Any CPU
		{30A2B78C-1740-4BC8-BE72-568B73EEE0DB}.Ad-Hoc|x64.ActiveCfg = Release|Any CPU
		{30A2B78C-1740-4BC8-BE72-568B73EEE0DB}.Ad-Hoc|x64.Build.0 = Release|Any CPU
		{30A2B78C-1740-4BC8-BE72-568B73EEE0DB}.Ad-Hoc|x64.Deploy.0 = Release|Any CPU
		{30A2B78C-1740-4BC8-BE72-568B73EEE0DB}.Ad-Hoc|x86.ActiveCfg = Release|x86
		{30A2B78C-1740-4BC8-BE72-568B73EEE0DB}.Ad-Hoc|x86.Build.0 = Release|x86
		{30A2B78C-1740-4BC8-BE72-568B73EEE0DB}.Ad-Hoc|x86.Deploy.0 = Release|x86
		{30A2B78C-1740-4BC8-BE72-568B73EEE0DB}.AppStore|Any CPU.ActiveCfg = Release|Any CPU
		{30A2B78C-1740-4BC8-BE72-568B73EEE0DB}.AppStore|Any CPU.Build.0 = Release|Any CPU
		{30A2B78C-1740-4BC8-BE72-568B73EEE0DB}.AppStore|Any CPU.Deploy.0 = Release|Any CPU
		{30A2B78C-1740-4BC8-BE72-568B73EEE0DB}.AppStore|ARM.ActiveCfg = Release|ARM
		{30A2B78C-1740-4BC8-BE72-568B73EEE0DB}.AppStore|ARM.Build.0 = Release|ARM
		{30A2B78C-1740-4BC8-BE72-568B73EEE0DB}.AppStore|ARM.Deploy.0 = Release|ARM
		{30A2B78C-1740-4BC8-BE72-568B73EEE0DB}.AppStore|iPhone.ActiveCfg = Release|Any CPU
		{30A2B78C-1740-4BC8-BE72-568B73EEE0DB}.AppStore|iPhone.Build.0 = Release|Any CPU
		{30A2B78C-1740-4BC8-BE72-568B73EEE0DB}.AppStore|iPhone.Deploy.0 = Release|Any CPU
		{30A2B78C-1740-4BC8-BE72-568B73EEE0DB}.AppStore|iPhoneSimulator.ActiveCfg = Release|Any CPU
		{30A2B78C-1740-4BC8-BE72-568B73EEE0DB}.AppStore|iPhoneSimulator.Build.0 = Release|Any CPU
		{30A2B78C-1740-4BC8-BE72-568B73EEE0DB}.AppStore|iPhoneSimulator.Deploy.0 = Release|Any CPU
		{30A2B78C-1740-4BC8-BE72-568B73EEE0DB}.AppStore|x64.ActiveCfg = Release|Any CPU
		{30A2B78C-1740-4BC8-BE72-568B73EEE0DB}.AppStore|x64.Build.0 = Release|Any CPU
		{30A2B78C-1740-4BC8-BE72-568B73EEE0DB}.AppStore|x64.Deploy.0 = Release|Any CPU
		{30A2B78C-1740-4BC8-BE72-568B73EEE0DB}.AppStore|x86.ActiveCfg = Release|x86
		{30A2B78C-1740-4BC8-BE72-568B73EEE0DB}.AppStore|x86.Build.0 = Release|x86
		{30A2B78C-1740-4BC8-BE72-568B73EEE0DB}.AppStore|x86.Deploy.0 = Release|x86
		{30A2B78C-1740-4BC8-BE72-568B73EEE0DB}.Debug|Any CPU.ActiveCfg = Debug|Any CPU
		{30A2B78C-1740-4BC8-BE72-568B73EEE0DB}.Debug|Any CPU.Build.0 = Debug|Any CPU
		{30A2B78C-1740-4BC8-BE72-568B73EEE0DB}.Debug|Any CPU.Deploy.0 = Debug|Any CPU
		{30A2B78C-1740-4BC8-BE72-568B73EEE0DB}.Debug|ARM.ActiveCfg = Debug|ARM
		{30A2B78C-1740-4BC8-BE72-568B73EEE0DB}.Debug|ARM.Build.0 = Debug|ARM
		{30A2B78C-1740-4BC8-BE72-568B73EEE0DB}.Debug|ARM.Deploy.0 = Debug|ARM
		{30A2B78C-1740-4BC8-BE72-568B73EEE0DB}.Debug|iPhone.ActiveCfg = Debug|Any CPU
		{30A2B78C-1740-4BC8-BE72-568B73EEE0DB}.Debug|iPhone.Build.0 = Debug|Any CPU
		{30A2B78C-1740-4BC8-BE72-568B73EEE0DB}.Debug|iPhone.Deploy.0 = Debug|Any CPU
		{30A2B78C-1740-4BC8-BE72-568B73EEE0DB}.Debug|iPhoneSimulator.ActiveCfg = Debug|Any CPU
		{30A2B78C-1740-4BC8-BE72-568B73EEE0DB}.Debug|iPhoneSimulator.Build.0 = Debug|Any CPU
		{30A2B78C-1740-4BC8-BE72-568B73EEE0DB}.Debug|iPhoneSimulator.Deploy.0 = Debug|Any CPU
		{30A2B78C-1740-4BC8-BE72-568B73EEE0DB}.Debug|x64.ActiveCfg = Debug|Any CPU
		{30A2B78C-1740-4BC8-BE72-568B73EEE0DB}.Debug|x64.Build.0 = Debug|Any CPU
		{30A2B78C-1740-4BC8-BE72-568B73EEE0DB}.Debug|x64.Deploy.0 = Debug|Any CPU
		{30A2B78C-1740-4BC8-BE72-568B73EEE0DB}.Debug|x86.ActiveCfg = Debug|x86
		{30A2B78C-1740-4BC8-BE72-568B73EEE0DB}.Debug|x86.Build.0 = Debug|x86
		{30A2B78C-1740-4BC8-BE72-568B73EEE0DB}.Debug|x86.Deploy.0 = Debug|x86
		{30A2B78C-1740-4BC8-BE72-568B73EEE0DB}.Release|Any CPU.ActiveCfg = Release|Any CPU
		{30A2B78C-1740-4BC8-BE72-568B73EEE0DB}.Release|Any CPU.Build.0 = Release|Any CPU
		{30A2B78C-1740-4BC8-BE72-568B73EEE0DB}.Release|Any CPU.Deploy.0 = Release|Any CPU
		{30A2B78C-1740-4BC8-BE72-568B73EEE0DB}.Release|ARM.ActiveCfg = Release|ARM
		{30A2B78C-1740-4BC8-BE72-568B73EEE0DB}.Release|ARM.Build.0 = Release|ARM
		{30A2B78C-1740-4BC8-BE72-568B73EEE0DB}.Release|ARM.Deploy.0 = Release|ARM
		{30A2B78C-1740-4BC8-BE72-568B73EEE0DB}.Release|iPhone.ActiveCfg = Release|Any CPU
		{30A2B78C-1740-4BC8-BE72-568B73EEE0DB}.Release|iPhone.Build.0 = Release|Any CPU
		{30A2B78C-1740-4BC8-BE72-568B73EEE0DB}.Release|iPhone.Deploy.0 = Release|Any CPU
		{30A2B78C-1740-4BC8-BE72-568B73EEE0DB}.Release|iPhoneSimulator.ActiveCfg = Release|Any CPU
		{30A2B78C-1740-4BC8-BE72-568B73EEE0DB}.Release|iPhoneSimulator.Build.0 = Release|Any CPU
		{30A2B78C-1740-4BC8-BE72-568B73EEE0DB}.Release|iPhoneSimulator.Deploy.0 = Release|Any CPU
		{30A2B78C-1740-4BC8-BE72-568B73EEE0DB}.Release|x64.ActiveCfg = Release|Any CPU
		{30A2B78C-1740-4BC8-BE72-568B73EEE0DB}.Release|x64.Build.0 = Release|Any CPU
		{30A2B78C-1740-4BC8-BE72-568B73EEE0DB}.Release|x64.Deploy.0 = Release|Any CPU
		{30A2B78C-1740-4BC8-BE72-568B73EEE0DB}.Release|x86.ActiveCfg = Release|x86
		{30A2B78C-1740-4BC8-BE72-568B73EEE0DB}.Release|x86.Build.0 = Release|x86
		{30A2B78C-1740-4BC8-BE72-568B73EEE0DB}.Release|x86.Deploy.0 = Release|x86
		{9F67A113-8E41-4ECD-9E43-89FFB2724DCE}.Ad-Hoc|Any CPU.ActiveCfg = Release|x86
		{9F67A113-8E41-4ECD-9E43-89FFB2724DCE}.Ad-Hoc|Any CPU.Build.0 = Release|x86
		{9F67A113-8E41-4ECD-9E43-89FFB2724DCE}.Ad-Hoc|Any CPU.Deploy.0 = Release|x86
		{9F67A113-8E41-4ECD-9E43-89FFB2724DCE}.Ad-Hoc|ARM.ActiveCfg = Release|ARM
		{9F67A113-8E41-4ECD-9E43-89FFB2724DCE}.Ad-Hoc|ARM.Build.0 = Release|ARM
		{9F67A113-8E41-4ECD-9E43-89FFB2724DCE}.Ad-Hoc|ARM.Deploy.0 = Release|ARM
		{9F67A113-8E41-4ECD-9E43-89FFB2724DCE}.Ad-Hoc|iPhone.ActiveCfg = Release|x86
		{9F67A113-8E41-4ECD-9E43-89FFB2724DCE}.Ad-Hoc|iPhone.Build.0 = Release|x86
		{9F67A113-8E41-4ECD-9E43-89FFB2724DCE}.Ad-Hoc|iPhone.Deploy.0 = Release|x86
		{9F67A113-8E41-4ECD-9E43-89FFB2724DCE}.Ad-Hoc|iPhoneSimulator.ActiveCfg = Release|x86
		{9F67A113-8E41-4ECD-9E43-89FFB2724DCE}.Ad-Hoc|iPhoneSimulator.Build.0 = Release|x86
		{9F67A113-8E41-4ECD-9E43-89FFB2724DCE}.Ad-Hoc|iPhoneSimulator.Deploy.0 = Release|x86
		{9F67A113-8E41-4ECD-9E43-89FFB2724DCE}.Ad-Hoc|x64.ActiveCfg = Release|x64
		{9F67A113-8E41-4ECD-9E43-89FFB2724DCE}.Ad-Hoc|x64.Build.0 = Release|x64
		{9F67A113-8E41-4ECD-9E43-89FFB2724DCE}.Ad-Hoc|x64.Deploy.0 = Release|x64
		{9F67A113-8E41-4ECD-9E43-89FFB2724DCE}.Ad-Hoc|x86.ActiveCfg = Release|x86
		{9F67A113-8E41-4ECD-9E43-89FFB2724DCE}.Ad-Hoc|x86.Build.0 = Release|x86
		{9F67A113-8E41-4ECD-9E43-89FFB2724DCE}.Ad-Hoc|x86.Deploy.0 = Release|x86
		{9F67A113-8E41-4ECD-9E43-89FFB2724DCE}.AppStore|Any CPU.ActiveCfg = Release|x86
		{9F67A113-8E41-4ECD-9E43-89FFB2724DCE}.AppStore|Any CPU.Build.0 = Release|x86
		{9F67A113-8E41-4ECD-9E43-89FFB2724DCE}.AppStore|Any CPU.Deploy.0 = Release|x86
		{9F67A113-8E41-4ECD-9E43-89FFB2724DCE}.AppStore|ARM.ActiveCfg = Release|ARM
		{9F67A113-8E41-4ECD-9E43-89FFB2724DCE}.AppStore|ARM.Build.0 = Release|ARM
		{9F67A113-8E41-4ECD-9E43-89FFB2724DCE}.AppStore|ARM.Deploy.0 = Release|ARM
		{9F67A113-8E41-4ECD-9E43-89FFB2724DCE}.AppStore|iPhone.ActiveCfg = Release|x86
		{9F67A113-8E41-4ECD-9E43-89FFB2724DCE}.AppStore|iPhone.Build.0 = Release|x86
		{9F67A113-8E41-4ECD-9E43-89FFB2724DCE}.AppStore|iPhone.Deploy.0 = Release|x86
		{9F67A113-8E41-4ECD-9E43-89FFB2724DCE}.AppStore|iPhoneSimulator.ActiveCfg = Release|x86
		{9F67A113-8E41-4ECD-9E43-89FFB2724DCE}.AppStore|iPhoneSimulator.Build.0 = Release|x86
		{9F67A113-8E41-4ECD-9E43-89FFB2724DCE}.AppStore|iPhoneSimulator.Deploy.0 = Release|x86
		{9F67A113-8E41-4ECD-9E43-89FFB2724DCE}.AppStore|x64.ActiveCfg = Release|x64
		{9F67A113-8E41-4ECD-9E43-89FFB2724DCE}.AppStore|x64.Build.0 = Release|x64
		{9F67A113-8E41-4ECD-9E43-89FFB2724DCE}.AppStore|x64.Deploy.0 = Release|x64
		{9F67A113-8E41-4ECD-9E43-89FFB2724DCE}.AppStore|x86.ActiveCfg = Release|x86
		{9F67A113-8E41-4ECD-9E43-89FFB2724DCE}.AppStore|x86.Build.0 = Release|x86
		{9F67A113-8E41-4ECD-9E43-89FFB2724DCE}.AppStore|x86.Deploy.0 = Release|x86
		{9F67A113-8E41-4ECD-9E43-89FFB2724DCE}.Debug|Any CPU.ActiveCfg = Debug|x86
		{9F67A113-8E41-4ECD-9E43-89FFB2724DCE}.Debug|ARM.ActiveCfg = Debug|ARM
		{9F67A113-8E41-4ECD-9E43-89FFB2724DCE}.Debug|ARM.Build.0 = Debug|ARM
		{9F67A113-8E41-4ECD-9E43-89FFB2724DCE}.Debug|ARM.Deploy.0 = Debug|ARM
		{9F67A113-8E41-4ECD-9E43-89FFB2724DCE}.Debug|iPhone.ActiveCfg = Debug|x86
		{9F67A113-8E41-4ECD-9E43-89FFB2724DCE}.Debug|iPhoneSimulator.ActiveCfg = Debug|x86
		{9F67A113-8E41-4ECD-9E43-89FFB2724DCE}.Debug|x64.ActiveCfg = Debug|x64
		{9F67A113-8E41-4ECD-9E43-89FFB2724DCE}.Debug|x64.Build.0 = Debug|x64
		{9F67A113-8E41-4ECD-9E43-89FFB2724DCE}.Debug|x64.Deploy.0 = Debug|x64
		{9F67A113-8E41-4ECD-9E43-89FFB2724DCE}.Debug|x86.ActiveCfg = Debug|x86
		{9F67A113-8E41-4ECD-9E43-89FFB2724DCE}.Debug|x86.Build.0 = Debug|x86
		{9F67A113-8E41-4ECD-9E43-89FFB2724DCE}.Debug|x86.Deploy.0 = Debug|x86
		{9F67A113-8E41-4ECD-9E43-89FFB2724DCE}.Release|Any CPU.ActiveCfg = Release|x86
		{9F67A113-8E41-4ECD-9E43-89FFB2724DCE}.Release|ARM.ActiveCfg = Release|ARM
		{9F67A113-8E41-4ECD-9E43-89FFB2724DCE}.Release|ARM.Build.0 = Release|ARM
		{9F67A113-8E41-4ECD-9E43-89FFB2724DCE}.Release|ARM.Deploy.0 = Release|ARM
		{9F67A113-8E41-4ECD-9E43-89FFB2724DCE}.Release|iPhone.ActiveCfg = Release|x86
		{9F67A113-8E41-4ECD-9E43-89FFB2724DCE}.Release|iPhoneSimulator.ActiveCfg = Release|x86
		{9F67A113-8E41-4ECD-9E43-89FFB2724DCE}.Release|x64.ActiveCfg = Release|x64
		{9F67A113-8E41-4ECD-9E43-89FFB2724DCE}.Release|x64.Build.0 = Release|x64
		{9F67A113-8E41-4ECD-9E43-89FFB2724DCE}.Release|x64.Deploy.0 = Release|x64
		{9F67A113-8E41-4ECD-9E43-89FFB2724DCE}.Release|x86.ActiveCfg = Release|x86
		{9F67A113-8E41-4ECD-9E43-89FFB2724DCE}.Release|x86.Build.0 = Release|x86
		{9F67A113-8E41-4ECD-9E43-89FFB2724DCE}.Release|x86.Deploy.0 = Release|x86
		{190A5FC2-7C1B-43D3-839E-0F307259E603}.Ad-Hoc|Any CPU.ActiveCfg = Release|Any CPU
		{190A5FC2-7C1B-43D3-839E-0F307259E603}.Ad-Hoc|Any CPU.Build.0 = Release|Any CPU
		{190A5FC2-7C1B-43D3-839E-0F307259E603}.Ad-Hoc|Any CPU.Deploy.0 = Release|Any CPU
		{190A5FC2-7C1B-43D3-839E-0F307259E603}.Ad-Hoc|ARM.ActiveCfg = Release|ARM
		{190A5FC2-7C1B-43D3-839E-0F307259E603}.Ad-Hoc|ARM.Build.0 = Release|ARM
		{190A5FC2-7C1B-43D3-839E-0F307259E603}.Ad-Hoc|ARM.Deploy.0 = Release|ARM
		{190A5FC2-7C1B-43D3-839E-0F307259E603}.Ad-Hoc|iPhone.ActiveCfg = Release|Any CPU
		{190A5FC2-7C1B-43D3-839E-0F307259E603}.Ad-Hoc|iPhone.Build.0 = Release|Any CPU
		{190A5FC2-7C1B-43D3-839E-0F307259E603}.Ad-Hoc|iPhone.Deploy.0 = Release|Any CPU
		{190A5FC2-7C1B-43D3-839E-0F307259E603}.Ad-Hoc|iPhoneSimulator.ActiveCfg = Release|Any CPU
		{190A5FC2-7C1B-43D3-839E-0F307259E603}.Ad-Hoc|iPhoneSimulator.Build.0 = Release|Any CPU
		{190A5FC2-7C1B-43D3-839E-0F307259E603}.Ad-Hoc|iPhoneSimulator.Deploy.0 = Release|Any CPU
		{190A5FC2-7C1B-43D3-839E-0F307259E603}.Ad-Hoc|x64.ActiveCfg = Release|x64
		{190A5FC2-7C1B-43D3-839E-0F307259E603}.Ad-Hoc|x64.Build.0 = Release|x64
		{190A5FC2-7C1B-43D3-839E-0F307259E603}.Ad-Hoc|x64.Deploy.0 = Release|x64
		{190A5FC2-7C1B-43D3-839E-0F307259E603}.Ad-Hoc|x86.ActiveCfg = Release|x86
		{190A5FC2-7C1B-43D3-839E-0F307259E603}.Ad-Hoc|x86.Build.0 = Release|x86
		{190A5FC2-7C1B-43D3-839E-0F307259E603}.Ad-Hoc|x86.Deploy.0 = Release|x86
		{190A5FC2-7C1B-43D3-839E-0F307259E603}.AppStore|Any CPU.ActiveCfg = Release|Any CPU
		{190A5FC2-7C1B-43D3-839E-0F307259E603}.AppStore|Any CPU.Build.0 = Release|Any CPU
		{190A5FC2-7C1B-43D3-839E-0F307259E603}.AppStore|Any CPU.Deploy.0 = Release|Any CPU
		{190A5FC2-7C1B-43D3-839E-0F307259E603}.AppStore|ARM.ActiveCfg = Release|ARM
		{190A5FC2-7C1B-43D3-839E-0F307259E603}.AppStore|ARM.Build.0 = Release|ARM
		{190A5FC2-7C1B-43D3-839E-0F307259E603}.AppStore|ARM.Deploy.0 = Release|ARM
		{190A5FC2-7C1B-43D3-839E-0F307259E603}.AppStore|iPhone.ActiveCfg = Release|Any CPU
		{190A5FC2-7C1B-43D3-839E-0F307259E603}.AppStore|iPhone.Build.0 = Release|Any CPU
		{190A5FC2-7C1B-43D3-839E-0F307259E603}.AppStore|iPhone.Deploy.0 = Release|Any CPU
		{190A5FC2-7C1B-43D3-839E-0F307259E603}.AppStore|iPhoneSimulator.ActiveCfg = Release|Any CPU
		{190A5FC2-7C1B-43D3-839E-0F307259E603}.AppStore|iPhoneSimulator.Build.0 = Release|Any CPU
		{190A5FC2-7C1B-43D3-839E-0F307259E603}.AppStore|iPhoneSimulator.Deploy.0 = Release|Any CPU
		{190A5FC2-7C1B-43D3-839E-0F307259E603}.AppStore|x64.ActiveCfg = Release|x64
		{190A5FC2-7C1B-43D3-839E-0F307259E603}.AppStore|x64.Build.0 = Release|x64
		{190A5FC2-7C1B-43D3-839E-0F307259E603}.AppStore|x64.Deploy.0 = Release|x64
		{190A5FC2-7C1B-43D3-839E-0F307259E603}.AppStore|x86.ActiveCfg = Release|x86
		{190A5FC2-7C1B-43D3-839E-0F307259E603}.AppStore|x86.Build.0 = Release|x86
		{190A5FC2-7C1B-43D3-839E-0F307259E603}.AppStore|x86.Deploy.0 = Release|x86
		{190A5FC2-7C1B-43D3-839E-0F307259E603}.Debug|Any CPU.ActiveCfg = Debug|Any CPU
		{190A5FC2-7C1B-43D3-839E-0F307259E603}.Debug|Any CPU.Build.0 = Debug|Any CPU
		{190A5FC2-7C1B-43D3-839E-0F307259E603}.Debug|Any CPU.Deploy.0 = Debug|Any CPU
		{190A5FC2-7C1B-43D3-839E-0F307259E603}.Debug|ARM.ActiveCfg = Debug|ARM
		{190A5FC2-7C1B-43D3-839E-0F307259E603}.Debug|ARM.Build.0 = Debug|ARM
		{190A5FC2-7C1B-43D3-839E-0F307259E603}.Debug|ARM.Deploy.0 = Debug|ARM
		{190A5FC2-7C1B-43D3-839E-0F307259E603}.Debug|iPhone.ActiveCfg = Debug|Any CPU
		{190A5FC2-7C1B-43D3-839E-0F307259E603}.Debug|iPhone.Build.0 = Debug|Any CPU
		{190A5FC2-7C1B-43D3-839E-0F307259E603}.Debug|iPhone.Deploy.0 = Debug|Any CPU
		{190A5FC2-7C1B-43D3-839E-0F307259E603}.Debug|iPhoneSimulator.ActiveCfg = Debug|Any CPU
		{190A5FC2-7C1B-43D3-839E-0F307259E603}.Debug|iPhoneSimulator.Build.0 = Debug|Any CPU
		{190A5FC2-7C1B-43D3-839E-0F307259E603}.Debug|iPhoneSimulator.Deploy.0 = Debug|Any CPU
		{190A5FC2-7C1B-43D3-839E-0F307259E603}.Debug|x64.ActiveCfg = Debug|x64
		{190A5FC2-7C1B-43D3-839E-0F307259E603}.Debug|x64.Build.0 = Debug|x64
		{190A5FC2-7C1B-43D3-839E-0F307259E603}.Debug|x64.Deploy.0 = Debug|x64
		{190A5FC2-7C1B-43D3-839E-0F307259E603}.Debug|x86.ActiveCfg = Debug|x86
		{190A5FC2-7C1B-43D3-839E-0F307259E603}.Debug|x86.Build.0 = Debug|x86
		{190A5FC2-7C1B-43D3-839E-0F307259E603}.Debug|x86.Deploy.0 = Debug|x86
		{190A5FC2-7C1B-43D3-839E-0F307259E603}.Release|Any CPU.ActiveCfg = Release|Any CPU
		{190A5FC2-7C1B-43D3-839E-0F307259E603}.Release|Any CPU.Build.0 = Release|Any CPU
		{190A5FC2-7C1B-43D3-839E-0F307259E603}.Release|Any CPU.Deploy.0 = Release|Any CPU
		{190A5FC2-7C1B-43D3-839E-0F307259E603}.Release|ARM.ActiveCfg = Release|ARM
		{190A5FC2-7C1B-43D3-839E-0F307259E603}.Release|ARM.Build.0 = Release|ARM
		{190A5FC2-7C1B-43D3-839E-0F307259E603}.Release|ARM.Deploy.0 = Release|ARM
		{190A5FC2-7C1B-43D3-839E-0F307259E603}.Release|iPhone.ActiveCfg = Release|Any CPU
		{190A5FC2-7C1B-43D3-839E-0F307259E603}.Release|iPhone.Build.0 = Release|Any CPU
		{190A5FC2-7C1B-43D3-839E-0F307259E603}.Release|iPhone.Deploy.0 = Release|Any CPU
		{190A5FC2-7C1B-43D3-839E-0F307259E603}.Release|iPhoneSimulator.ActiveCfg = Release|Any CPU
		{190A5FC2-7C1B-43D3-839E-0F307259E603}.Release|iPhoneSimulator.Build.0 = Release|Any CPU
		{190A5FC2-7C1B-43D3-839E-0F307259E603}.Release|iPhoneSimulator.Deploy.0 = Release|Any CPU
		{190A5FC2-7C1B-43D3-839E-0F307259E603}.Release|x64.ActiveCfg = Release|x64
		{190A5FC2-7C1B-43D3-839E-0F307259E603}.Release|x64.Build.0 = Release|x64
		{190A5FC2-7C1B-43D3-839E-0F307259E603}.Release|x64.Deploy.0 = Release|x64
		{190A5FC2-7C1B-43D3-839E-0F307259E603}.Release|x86.ActiveCfg = Release|x86
		{190A5FC2-7C1B-43D3-839E-0F307259E603}.Release|x86.Build.0 = Release|x86
		{190A5FC2-7C1B-43D3-839E-0F307259E603}.Release|x86.Deploy.0 = Release|x86
	EndGlobalSection
	GlobalSection(SolutionProperties) = preSolution
		HideSolutionNode = FALSE
	EndGlobalSection
EndGlobal
